
Microsoft Visual Studio Solution File, Format Version 12.00
# Visual Studio Version 16
VisualStudioVersion = 16.0.33214.272
MinimumVisualStudioVersion = 10.0.40219.1
Project("{FAE04EC0-301F-11D3-BF4B-00C04F79EFBC}") = "RecapProject1", "RecapProject1\RecapProject1.csproj", "{6DC0FF13-B62E-4569-81F0-1413894B1E72}"
EndProject
Global
	GlobalSection(SolutionConfigurationPlatforms) = preSolution
		Debug|Any CPU = Debug|Any CPU
		Release|Any CPU = Release|Any CPU
	EndGlobalSection
	GlobalSection(ProjectConfigurationPlatforms) = postSolution
		{6DC0FF13-B62E-4569-81F0-1413894B1E72}.Debug|Any CPU.ActiveCfg = Debug|Any CPU
		{6DC0FF13-B62E-4569-81F0-1413894B1E72}.Debug|Any CPU.Build.0 = Debug|Any CPU
		{6DC0FF13-B62E-4569-81F0-1413894B1E72}.Release|Any CPU.ActiveCfg = Release|Any CPU
		{6DC0FF13-B62E-4569-81F0-1413894B1E72}.Release|Any CPU.Build.0 = Release|Any CPU
	EndGlobalSection
	GlobalSection(SolutionProperties) = preSolution
		HideSolutionNode = FALSE
	EndGlobalSection
	GlobalSection(ExtensibilityGlobals) = postSolution
		SolutionGuid = {0D56B04C-231B-4BA8-BAB7-7AD0F162DCAE}
	EndGlobalSection
EndGlobal
